
Microsoft Visual Studio Solution File, Format Version 12.00
# Visual Studio Version 16
VisualStudioVersion = 16.0.29102.190
MinimumVisualStudioVersion = 10.0.40219.1
Project("{9A19103F-16F7-4668-BE54-9A1E7A4F7556}") = "fa.utils", "fa.utils\fa.utils.csproj", "{1967F39F-6EFB-4A54-BD98-D171D0799AC6}"
EndProject
Project("{2150E333-8FDC-42A3-9474-1A3956D46DE8}") = "Simple", "Simple", "{0C6AEC8E-8069-484C-ACB9-9551EFCDB2FF}"
EndProject
Project("{9A19103F-16F7-4668-BE54-9A1E7A4F7556}") = "FA.Aggregator", "simple\fa.aggregator\FA.Aggregator.csproj", "{09B9AC65-A784-4DC8-A998-7BB7841FD1B6}"
EndProject
Global
	GlobalSection(SolutionConfigurationPlatforms) = preSolution
		Debug|Any CPU = Debug|Any CPU
		Release|Any CPU = Release|Any CPU
	EndGlobalSection
	GlobalSection(ProjectConfigurationPlatforms) = postSolution
		{1967F39F-6EFB-4A54-BD98-D171D0799AC6}.Debug|Any CPU.ActiveCfg = Debug|Any CPU
		{1967F39F-6EFB-4A54-BD98-D171D0799AC6}.Debug|Any CPU.Build.0 = Debug|Any CPU
		{1967F39F-6EFB-4A54-BD98-D171D0799AC6}.Release|Any CPU.ActiveCfg = Release|Any CPU
		{1967F39F-6EFB-4A54-BD98-D171D0799AC6}.Release|Any CPU.Build.0 = Release|Any CPU
		{09B9AC65-A784-4DC8-A998-7BB7841FD1B6}.Debug|Any CPU.ActiveCfg = Debug|Any CPU
		{09B9AC65-A784-4DC8-A998-7BB7841FD1B6}.Debug|Any CPU.Build.0 = Debug|Any CPU
		{09B9AC65-A784-4DC8-A998-7BB7841FD1B6}.Release|Any CPU.ActiveCfg = Release|Any CPU
		{09B9AC65-A784-4DC8-A998-7BB7841FD1B6}.Release|Any CPU.Build.0 = Release|Any CPU
	EndGlobalSection
	GlobalSection(SolutionProperties) = preSolution
		HideSolutionNode = FALSE
	EndGlobalSection
	GlobalSection(NestedProjects) = preSolution
		{09B9AC65-A784-4DC8-A998-7BB7841FD1B6} = {0C6AEC8E-8069-484C-ACB9-9551EFCDB2FF}
	EndGlobalSection
	GlobalSection(ExtensibilityGlobals) = postSolution
		SolutionGuid = {285E4992-54FC-4722-87E9-941B12F63CB8}
	EndGlobalSection
EndGlobal
